
Microsoft Visual Studio Solution File, Format Version 12.00
# Visual Studio Version 16
VisualStudioVersion = 16.0.30717.126
MinimumVisualStudioVersion = 10.0.40219.1
Project("{9A19103F-16F7-4668-BE54-9A1E7A4F7556}") = "Firefall DISASM Name Manager", "Firefall DISASM Name Manager\Firefall DISASM Name Manager.csproj", "{8AAD5FB5-4997-40BC-ACAD-504CD1A33401}"
EndProject
Global
	GlobalSection(SolutionConfigurationPlatforms) = preSolution
		Debug|Any CPU = Debug|Any CPU
		Release|Any CPU = Release|Any CPU
	EndGlobalSection
	GlobalSection(ProjectConfigurationPlatforms) = postSolution
		{8AAD5FB5-4997-40BC-ACAD-504CD1A33401}.Debug|Any CPU.ActiveCfg = Debug|Any CPU
		{8AAD5FB5-4997-40BC-ACAD-504CD1A33401}.Debug|Any CPU.Build.0 = Debug|Any CPU
		{8AAD5FB5-4997-40BC-ACAD-504CD1A33401}.Release|Any CPU.ActiveCfg = Release|Any CPU
		{8AAD5FB5-4997-40BC-ACAD-504CD1A33401}.Release|Any CPU.Build.0 = Release|Any CPU
	EndGlobalSection
	GlobalSection(SolutionProperties) = preSolution
		HideSolutionNode = FALSE
	EndGlobalSection
	GlobalSection(ExtensibilityGlobals) = postSolution
		SolutionGuid = {B1BECFFB-DEB2-4AC1-B496-4368CB27EE6C}
	EndGlobalSection
EndGlobal
